
Microsoft Visual Studio Solution File, Format Version 12.00
# Visual Studio Version 18
VisualStudioVersion = 18.6.11819.183 stable
MinimumVisualStudioVersion = 10.0.40219.1
Project("{FAE04EC0-301F-11D3-BF4B-00C04F79EFBC}") = "GpuStore", "GpuStore.csproj", "{DF019752-57EB-39F2-B69F-E512B4D2B7A6}"
EndProject
Global
	GlobalSection(SolutionConfigurationPlatforms) = preSolution
		Debug|Any CPU = Debug|Any CPU
		Release|Any CPU = Release|Any CPU
	EndGlobalSection
	GlobalSection(ProjectConfigurationPlatforms) = postSolution
		{DF019752-57EB-39F2-B69F-E512B4D2B7A6}.Debug|Any CPU.ActiveCfg = Debug|Any CPU
		{DF019752-57EB-39F2-B69F-E512B4D2B7A6}.Debug|Any CPU.Build.0 = Debug|Any CPU
		{DF019752-57EB-39F2-B69F-E512B4D2B7A6}.Release|Any CPU.ActiveCfg = Release|Any CPU
		{DF019752-57EB-39F2-B69F-E512B4D2B7A6}.Release|Any CPU.Build.0 = Release|Any CPU
	EndGlobalSection
	GlobalSection(SolutionProperties) = preSolution
		HideSolutionNode = FALSE
	EndGlobalSection
	GlobalSection(ExtensibilityGlobals) = postSolution
		SolutionGuid = {CE5D3B6E-EDA8-4FA5-94A1-08B70080FD0A}
	EndGlobalSection
EndGlobal
